
Microsoft Visual Studio Solution File, Format Version 12.00
# Visual Studio Version 17
VisualStudioVersion = 17.3.32929.385
MinimumVisualStudioVersion = 10.0.40219.1
Project("{FAE04EC0-301F-11D3-BF4B-00C04F79EFBC}") = "SingTaxiAPI", "SingTaxiAPI.csproj", "{75FEF202-A94C-4AF6-9A4C-AAAB9F52B35C}"
EndProject
Project("{FAE04EC0-301F-11D3-BF4B-00C04F79EFBC}") = "InterfaceSingTaxitoSQL", "..\InterfaceCognitoformtoQlikview\InterfaceSingTaxitoSQL.csproj", "{F23A048F-A1B8-4D9A-9D8C-834A34EDD285}"
EndProject
Global
	GlobalSection(SolutionConfigurationPlatforms) = preSolution
		Debug|Any CPU = Debug|Any CPU
		Release|Any CPU = Release|Any CPU
	EndGlobalSection
	GlobalSection(ProjectConfigurationPlatforms) = postSolution
		{75FEF202-A94C-4AF6-9A4C-AAAB9F52B35C}.Debug|Any CPU.ActiveCfg = Debug|Any CPU
		{75FEF202-A94C-4AF6-9A4C-AAAB9F52B35C}.Debug|Any CPU.Build.0 = Debug|Any CPU
		{75FEF202-A94C-4AF6-9A4C-AAAB9F52B35C}.Release|Any CPU.ActiveCfg = Release|Any CPU
		{75FEF202-A94C-4AF6-9A4C-AAAB9F52B35C}.Release|Any CPU.Build.0 = Release|Any CPU
		{F23A048F-A1B8-4D9A-9D8C-834A34EDD285}.Debug|Any CPU.ActiveCfg = Debug|Any CPU
		{F23A048F-A1B8-4D9A-9D8C-834A34EDD285}.Debug|Any CPU.Build.0 = Debug|Any CPU
		{F23A048F-A1B8-4D9A-9D8C-834A34EDD285}.Release|Any CPU.ActiveCfg = Release|Any CPU
		{F23A048F-A1B8-4D9A-9D8C-834A34EDD285}.Release|Any CPU.Build.0 = Release|Any CPU
	EndGlobalSection
	GlobalSection(SolutionProperties) = preSolution
		HideSolutionNode = FALSE
	EndGlobalSection
	GlobalSection(ExtensibilityGlobals) = postSolution
		SolutionGuid = {C17726F2-992B-41FE-ADC4-B5CB3B24E300}
	EndGlobalSection
EndGlobal
